
Microsoft Visual Studio Solution File, Format Version 12.00
# Visual Studio Version 16
VisualStudioVersion = 16.0.32228.343
MinimumVisualStudioVersion = 10.0.40219.1
Project("{FAE04EC0-301F-11D3-BF4B-00C04F79EFBC}") = "AdBooking.API", "AdBookiing.API\AdBooking.API.csproj", "{F8F7E878-8259-431A-BDBE-7BA7BD78E9D6}"
EndProject
Project("{FAE04EC0-301F-11D3-BF4B-00C04F79EFBC}") = "AdBooking.UI", "AdBooking.UI\AdBooking.UI.csproj", "{9017FA44-BC1B-45A4-88DF-DB9EF8E79D85}"
EndProject
Project("{FAE04EC0-301F-11D3-BF4B-00C04F79EFBC}") = "AdBooking.BAL", "AdBooking.BAL\AdBooking.BAL.csproj", "{029DBCD4-D2F0-4306-B982-055AD849B4EE}"
EndProject
Project("{FAE04EC0-301F-11D3-BF4B-00C04F79EFBC}") = "AdBooking.DAL", "AdBooking.DAL\AdBooking.DAL.csproj", "{E6230AE9-954B-4B3E-88D0-724F1144607A}"
EndProject
Project("{FAE04EC0-301F-11D3-BF4B-00C04F79EFBC}") = "AdBooking.Entity", "AdBooking.Entity\AdBooking.Entity.csproj", "{0E6D71D4-2083-42EF-822A-F5D82F39ABDA}"
EndProject
Global
	GlobalSection(SolutionConfigurationPlatforms) = preSolution
		Debug|Any CPU = Debug|Any CPU
		Release|Any CPU = Release|Any CPU
	EndGlobalSection
	GlobalSection(ProjectConfigurationPlatforms) = postSolution
		{F8F7E878-8259-431A-BDBE-7BA7BD78E9D6}.Debug|Any CPU.ActiveCfg = Debug|Any CPU
		{F8F7E878-8259-431A-BDBE-7BA7BD78E9D6}.Debug|Any CPU.Build.0 = Debug|Any CPU
		{F8F7E878-8259-431A-BDBE-7BA7BD78E9D6}.Release|Any CPU.ActiveCfg = Release|Any CPU
		{F8F7E878-8259-431A-BDBE-7BA7BD78E9D6}.Release|Any CPU.Build.0 = Release|Any CPU
		{9017FA44-BC1B-45A4-88DF-DB9EF8E79D85}.Debug|Any CPU.ActiveCfg = Debug|Any CPU
		{9017FA44-BC1B-45A4-88DF-DB9EF8E79D85}.Debug|Any CPU.Build.0 = Debug|Any CPU
		{9017FA44-BC1B-45A4-88DF-DB9EF8E79D85}.Release|Any CPU.ActiveCfg = Release|Any CPU
		{9017FA44-BC1B-45A4-88DF-DB9EF8E79D85}.Release|Any CPU.Build.0 = Release|Any CPU
		{029DBCD4-D2F0-4306-B982-055AD849B4EE}.Debug|Any CPU.ActiveCfg = Debug|Any CPU
		{029DBCD4-D2F0-4306-B982-055AD849B4EE}.Debug|Any CPU.Build.0 = Debug|Any CPU
		{029DBCD4-D2F0-4306-B982-055AD849B4EE}.Release|Any CPU.ActiveCfg = Release|Any CPU
		{029DBCD4-D2F0-4306-B982-055AD849B4EE}.Release|Any CPU.Build.0 = Release|Any CPU
		{E6230AE9-954B-4B3E-88D0-724F1144607A}.Debug|Any CPU.ActiveCfg = Debug|Any CPU
		{E6230AE9-954B-4B3E-88D0-724F1144607A}.Debug|Any CPU.Build.0 = Debug|Any CPU
		{E6230AE9-954B-4B3E-88D0-724F1144607A}.Release|Any CPU.ActiveCfg = Release|Any CPU
		{E6230AE9-954B-4B3E-88D0-724F1144607A}.Release|Any CPU.Build.0 = Release|Any CPU
		{0E6D71D4-2083-42EF-822A-F5D82F39ABDA}.Debug|Any CPU.ActiveCfg = Debug|Any CPU
		{0E6D71D4-2083-42EF-822A-F5D82F39ABDA}.Debug|Any CPU.Build.0 = Debug|Any CPU
		{0E6D71D4-2083-42EF-822A-F5D82F39ABDA}.Release|Any CPU.ActiveCfg = Release|Any CPU
		{0E6D71D4-2083-42EF-822A-F5D82F39ABDA}.Release|Any CPU.Build.0 = Release|Any CPU
	EndGlobalSection
	GlobalSection(SolutionProperties) = preSolution
		HideSolutionNode = FALSE
	EndGlobalSection
	GlobalSection(ExtensibilityGlobals) = postSolution
		SolutionGuid = {7D61F688-B184-4F23-BEE5-7FAACB45CBAD}
	EndGlobalSection
EndGlobal
